
Microsoft Visual Studio Solution File, Format Version 12.00
# Visual Studio Version 17
VisualStudioVersion = 17.7.34202.233
MinimumVisualStudioVersion = 10.0.40219.1
Project("{FAE04EC0-301F-11D3-BF4B-00C04F79EFBC}") = "Scala.StockSimulation.Web", "Scala.StockSimulation.Web\Scala.StockSimulation.Web.csproj", "{D599FE4C-D269-4935-A535-158EE6A4B0A9}"
EndProject
Project("{FAE04EC0-301F-11D3-BF4B-00C04F79EFBC}") = "Scala.StockSimulation.Core", "Scala.StockSimulation.Core\Scala.StockSimulation.Core.csproj", "{899B01A3-0DC7-497C-8E9B-003B7C9910B2}"
EndProject
Project("{FAE04EC0-301F-11D3-BF4B-00C04F79EFBC}") = "Scala.StockSimulation.Tests", "Scala.StockSimulation.Tests\Scala.StockSimulation.Tests.csproj", "{DB6B1C7E-5A5A-40C3-9D7A-35BD2021D888}"
EndProject
Project("{FAE04EC0-301F-11D3-BF4B-00C04F79EFBC}") = "Scala.StockSimulation.Utilities", "Scala.StockSimulation.Utilities\Scala.StockSimulation.Utilities.csproj", "{F844B362-3299-456C-99F9-EBEC37441529}"
EndProject
Global
	GlobalSection(SolutionConfigurationPlatforms) = preSolution
		Debug|Any CPU = Debug|Any CPU
		Release|Any CPU = Release|Any CPU
	EndGlobalSection
	GlobalSection(ProjectConfigurationPlatforms) = postSolution
		{D599FE4C-D269-4935-A535-158EE6A4B0A9}.Debug|Any CPU.ActiveCfg = Debug|Any CPU
		{D599FE4C-D269-4935-A535-158EE6A4B0A9}.Debug|Any CPU.Build.0 = Debug|Any CPU
		{D599FE4C-D269-4935-A535-158EE6A4B0A9}.Release|Any CPU.ActiveCfg = Release|Any CPU
		{D599FE4C-D269-4935-A535-158EE6A4B0A9}.Release|Any CPU.Build.0 = Release|Any CPU
		{899B01A3-0DC7-497C-8E9B-003B7C9910B2}.Debug|Any CPU.ActiveCfg = Debug|Any CPU
		{899B01A3-0DC7-497C-8E9B-003B7C9910B2}.Debug|Any CPU.Build.0 = Debug|Any CPU
		{899B01A3-0DC7-497C-8E9B-003B7C9910B2}.Release|Any CPU.ActiveCfg = Release|Any CPU
		{899B01A3-0DC7-497C-8E9B-003B7C9910B2}.Release|Any CPU.Build.0 = Release|Any CPU
		{DB6B1C7E-5A5A-40C3-9D7A-35BD2021D888}.Debug|Any CPU.ActiveCfg = Debug|Any CPU
		{DB6B1C7E-5A5A-40C3-9D7A-35BD2021D888}.Debug|Any CPU.Build.0 = Debug|Any CPU
		{DB6B1C7E-5A5A-40C3-9D7A-35BD2021D888}.Release|Any CPU.ActiveCfg = Release|Any CPU
		{DB6B1C7E-5A5A-40C3-9D7A-35BD2021D888}.Release|Any CPU.Build.0 = Release|Any CPU
		{F844B362-3299-456C-99F9-EBEC37441529}.Debug|Any CPU.ActiveCfg = Debug|Any CPU
		{F844B362-3299-456C-99F9-EBEC37441529}.Debug|Any CPU.Build.0 = Debug|Any CPU
		{F844B362-3299-456C-99F9-EBEC37441529}.Release|Any CPU.ActiveCfg = Release|Any CPU
		{F844B362-3299-456C-99F9-EBEC37441529}.Release|Any CPU.Build.0 = Release|Any CPU
	EndGlobalSection
	GlobalSection(SolutionProperties) = preSolution
		HideSolutionNode = FALSE
	EndGlobalSection
	GlobalSection(ExtensibilityGlobals) = postSolution
		SolutionGuid = {995DD7AD-28D5-4662-A395-7983247850CA}
	EndGlobalSection
EndGlobal
